
Microsoft Visual Studio Solution File, Format Version 12.00
# Visual Studio Version 17
VisualStudioVersion = 17.14.36623.8
MinimumVisualStudioVersion = 10.0.40219.1
Project("{FAE04EC0-301F-11D3-BF4B-00C04F79EFBC}") = "CourseApplication", "CourseApplication\CourseApplication.csproj", "{70EA1DEB-B999-486D-95D1-71EDC070E513}"
EndProject
Project("{FAE04EC0-301F-11D3-BF4B-00C04F79EFBC}") = "Domain", "Domain\Domain.csproj", "{08B8BC7B-6B9C-439F-B4AF-E97E6DF34AA6}"
EndProject
Global
	GlobalSection(SolutionConfigurationPlatforms) = preSolution
		Debug|Any CPU = Debug|Any CPU
		Release|Any CPU = Release|Any CPU
	EndGlobalSection
	GlobalSection(ProjectConfigurationPlatforms) = postSolution
		{70EA1DEB-B999-486D-95D1-71EDC070E513}.Debug|Any CPU.ActiveCfg = Debug|Any CPU
		{70EA1DEB-B999-486D-95D1-71EDC070E513}.Debug|Any CPU.Build.0 = Debug|Any CPU
		{70EA1DEB-B999-486D-95D1-71EDC070E513}.Release|Any CPU.ActiveCfg = Release|Any CPU
		{70EA1DEB-B999-486D-95D1-71EDC070E513}.Release|Any CPU.Build.0 = Release|Any CPU
		{08B8BC7B-6B9C-439F-B4AF-E97E6DF34AA6}.Debug|Any CPU.ActiveCfg = Debug|Any CPU
		{08B8BC7B-6B9C-439F-B4AF-E97E6DF34AA6}.Debug|Any CPU.Build.0 = Debug|Any CPU
		{08B8BC7B-6B9C-439F-B4AF-E97E6DF34AA6}.Release|Any CPU.ActiveCfg = Release|Any CPU
		{08B8BC7B-6B9C-439F-B4AF-E97E6DF34AA6}.Release|Any CPU.Build.0 = Release|Any CPU
	EndGlobalSection
	GlobalSection(SolutionProperties) = preSolution
		HideSolutionNode = FALSE
	EndGlobalSection
	GlobalSection(ExtensibilityGlobals) = postSolution
		SolutionGuid = {DC0915DB-5697-4DE5-961E-268ADCE1966C}
	EndGlobalSection
EndGlobal
